
Microsoft Visual Studio Solution File, Format Version 12.00
# Visual Studio 15
VisualStudioVersion = 15.0.26228.9
MinimumVisualStudioVersion = 10.0.40219.1
Project("{FAE04EC0-301F-11D3-BF4B-00C04F79EFBC}") = "ClinicManagement", "ClinicManagement\ClinicManagement.csproj", "{27C1D62D-33DD-4615-AA01-EAED607B3178}"
EndProject
Global
	GlobalSection(SolutionConfigurationPlatforms) = preSolution
		Debug|Any CPU = Debug|Any CPU
		Release|Any CPU = Release|Any CPU
	EndGlobalSection
	GlobalSection(ProjectConfigurationPlatforms) = postSolution
		{27C1D62D-33DD-4615-AA01-EAED607B3178}.Debug|Any CPU.ActiveCfg = Debug|Any CPU
		{27C1D62D-33DD-4615-AA01-EAED607B3178}.Debug|Any CPU.Build.0 = Debug|Any CPU
		{27C1D62D-33DD-4615-AA01-EAED607B3178}.Release|Any CPU.ActiveCfg = Release|Any CPU
		{27C1D62D-33DD-4615-AA01-EAED607B3178}.Release|Any CPU.Build.0 = Release|Any CPU
	EndGlobalSection
	GlobalSection(SolutionProperties) = preSolution
		HideSolutionNode = FALSE
	EndGlobalSection
	GlobalSection(TeamFoundationVersionControl) = preSolution
		SccNumberOfProjects = 2
		SccEnterpriseProvider = {4CA58AB2-18FA-4F8D-95D4-32DDF27D184C}
		SccTeamFoundationServer = https://programmingwithahmet.visualstudio.com/
		SccLocalPath0 = .
		SccProjectUniqueName1 = ClinicManagement\\ClinicManagement.csproj
		SccProjectName1 = ClinicManagement
		SccLocalPath1 = ClinicManagement
	EndGlobalSection
EndGlobal
